SITE
  remote: http://community.opscode.com/api/v1
  specs:
    apache2 (1.1.8)
    apt (1.4.2)
    ark (0.0.10)
    chef_handler (1.0.6)
    dmg (1.0.0)
    git (1.0.0)
      dmg (>= 0.0.0)
      runit (>= 0.0.0)
      yum (>= 0.0.0)
    java (1.5.0)
    mysql (1.2.6)
      openssl (>= 0.0.0)
      windows (>= 0.0.0)
    openssl (1.0.0)
    runit (0.15.0)
    subversion (1.0.0)
      apache2 (>= 0.0.0)
      windows (>= 0.0.0)
    windows (1.3.0)
      chef_handler (>= 0.0.0)
    yum (0.6.2)

GIT
  remote: https://github.com/bryanwb/ivy
  ref: master
  sha: bc394cf5ad913159024b48aa2d276d60b52afefc
  specs:
    ivy (0.0.1)
      java (>= 0.0.0)

GIT
  remote: https://github.com/springyboing/grails-cookbook
  ref: master
  sha: f15b461b3b7ff2377d978dfdd6114132b7f862ae
  specs:
    groovy (0.0.1)
      java (>= 0.0.0)

GIT
  remote: https://github.com/springyboing/groovy-cookbook
  ref: master
  sha: fc282233a1ece903fa209ce8070884f879a0fe52
  specs:
    grails (0.0.1)
      java (>= 0.0.0)

DEPENDENCIES
  apache2 (>= 0)
  apt (>= 0)
  ark (>= 0)
  git (>= 0)
  grails (>= 0)
  groovy (>= 0)
  ivy (>= 0)
  java (>= 0)
  mysql (>= 0)
  openssl (>= 0)
  subversion (>= 0)

